
Microsoft Visual Studio Solution File, Format Version 12.00
# Visual Studio Version 17
VisualStudioVersion = 17.14.36327.8 d17.14
MinimumVisualStudioVersion = 10.0.40219.1
Project("{FAE04EC0-301F-11D3-BF4B-00C04F79EFBC}") = "Word", "Word\Word.csproj", "{78B3E78A-C06B-4BCC-82DF-4192F4424DCB}"
EndProject
Global
	GlobalSection(SolutionConfigurationPlatforms) = preSolution
		Debug|Any CPU = Debug|Any CPU
		Release|Any CPU = Release|Any CPU
	EndGlobalSection
	GlobalSection(ProjectConfigurationPlatforms) = postSolution
		{78B3E78A-C06B-4BCC-82DF-4192F4424DCB}.Debug|Any CPU.ActiveCfg = Debug|Any CPU
		{78B3E78A-C06B-4BCC-82DF-4192F4424DCB}.Debug|Any CPU.Build.0 = Debug|Any CPU
		{78B3E78A-C06B-4BCC-82DF-4192F4424DCB}.Release|Any CPU.ActiveCfg = Release|Any CPU
		{78B3E78A-C06B-4BCC-82DF-4192F4424DCB}.Release|Any CPU.Build.0 = Release|Any CPU
	EndGlobalSection
	GlobalSection(SolutionProperties) = preSolution
		HideSolutionNode = FALSE
	EndGlobalSection
	GlobalSection(ExtensibilityGlobals) = postSolution
		SolutionGuid = {67F37AAC-0C6A-49BE-A713-60DCBBD3C776}
	EndGlobalSection
EndGlobal
